{
  "lockfile-version": 1,
  "manifest": {
    "version": 1,
    "install": {
      "nodejs_22": {
        "pkg-path": "nodejs_22"
      },
      "pnpm": {
        "pkg-path": "pnpm"
      }
    },
    "vars": {
      "node_verison": "22"
    },
    "hook": {},
    "profile": {},
    "options": {
      "systems": [
        "aarch64-darwin",
        "aarch64-linux",
        "x86_64-darwin",
        "x86_64-linux"
      ],
      "allow": {
        "licenses": []
      },
      "semver": {},
      "cuda-detection": false
    }
  },
  "packages": [
    {
      "attr_path": "nodejs_22",
      "broken": false,
      "derivation": "/nix/store/l7xqarxr78661qxnkwjdkv3dw10habfq-nodejs-22.10.0.drv",
      "description": "Event-driven I/O framework for the V8 JavaScript engine",
      "install_id": "nodejs_22",
      "license": "MIT",
      "locked_url": "https://github.com/flox/nixpkgs?rev=55d15ad12a74eb7d4646254e13638ad0c4128776",
      "name": "nodejs-22.10.0",
      "pname": "nodejs_22",
      "rev": "55d15ad12a74eb7d4646254e13638ad0c4128776",
      "rev_count": 716003,
      "rev_date": "2024-12-03T07:54:31Z",
      "scrape_date": "2024-12-04T03:55:34Z",
      "stabilities": [
        "unstable"
      ],
      "unfree": false,
      "version": "nodejs-22.10.0",
      "outputs_to_install": [
        "out"
      ],
      "outputs": {
        "libv8": "/nix/store/2qwjlhfyn2k3dixjgqxnwhsxxyn46rxl-nodejs-22.10.0-libv8",
        "out": "/nix/store/y6piwcsias394n5kflisg8jhll9czk2x-nodejs-22.10.0"
      },
      "system": "aarch64-darwin",
      "group": "toplevel",
      "priority": 5
    },
    {
      "attr_path": "nodejs_22",
      "broken": false,
      "derivation": "/nix/store/wjn7vj94fnjd4h7ai3rsgfvkmjxkv57g-nodejs-22.10.0.drv",
      "description": "Event-driven I/O framework for the V8 JavaScript engine",
      "install_id": "nodejs_22",
      "license": "MIT",
      "locked_url": "https://github.com/flox/nixpkgs?rev=55d15ad12a74eb7d4646254e13638ad0c4128776",
      "name": "nodejs-22.10.0",
      "pname": "nodejs_22",
      "rev": "55d15ad12a74eb7d4646254e13638ad0c4128776",
      "rev_count": 716003,
      "rev_date": "2024-12-03T07:54:31Z",
      "scrape_date": "2024-12-04T03:55:34Z",
      "stabilities": [
        "unstable"
      ],
      "unfree": false,
      "version": "nodejs-22.10.0",
      "outputs_to_install": [
        "out"
      ],
      "outputs": {
        "libv8": "/nix/store/649q0xdwl617h2s8j50f7880df60w37a-nodejs-22.10.0-libv8",
        "out": "/nix/store/ayfg2m6gwh5047hapf316jrilxd8kk4k-nodejs-22.10.0"
      },
      "system": "aarch64-linux",
      "group": "toplevel",
      "priority": 5
    },
    {
      "attr_path": "nodejs_22",
      "broken": false,
      "derivation": "/nix/store/5njd1g0p4v3fk0d3q9hymgpc8xr5dn2z-nodejs-22.10.0.drv",
      "description": "Event-driven I/O framework for the V8 JavaScript engine",
      "install_id": "nodejs_22",
      "license": "MIT",
      "locked_url": "https://github.com/flox/nixpkgs?rev=55d15ad12a74eb7d4646254e13638ad0c4128776",
      "name": "nodejs-22.10.0",
      "pname": "nodejs_22",
      "rev": "55d15ad12a74eb7d4646254e13638ad0c4128776",
      "rev_count": 716003,
      "rev_date": "2024-12-03T07:54:31Z",
      "scrape_date": "2024-12-04T03:55:34Z",
      "stabilities": [
        "unstable"
      ],
      "unfree": false,
      "version": "nodejs-22.10.0",
      "outputs_to_install": [
        "out"
      ],
      "outputs": {
        "libv8": "/nix/store/g1bmrm6lq74zdid30q8hh3102qxpk7p7-nodejs-22.10.0-libv8",
        "out": "/nix/store/4rmbk8pg2lvv22aqjk8b539pfspsm98m-nodejs-22.10.0"
      },
      "system": "x86_64-darwin",
      "group": "toplevel",
      "priority": 5
    },
    {
      "attr_path": "nodejs_22",
      "broken": false,
      "derivation": "/nix/store/p33fbd36lz7nh44dzshl29w276q25h2y-nodejs-22.10.0.drv",
      "description": "Event-driven I/O framework for the V8 JavaScript engine",
      "install_id": "nodejs_22",
      "license": "MIT",
      "locked_url": "https://github.com/flox/nixpkgs?rev=55d15ad12a74eb7d4646254e13638ad0c4128776",
      "name": "nodejs-22.10.0",
      "pname": "nodejs_22",
      "rev": "55d15ad12a74eb7d4646254e13638ad0c4128776",
      "rev_count": 716003,
      "rev_date": "2024-12-03T07:54:31Z",
      "scrape_date": "2024-12-04T03:55:34Z",
      "stabilities": [
        "unstable"
      ],
      "unfree": false,
      "version": "nodejs-22.10.0",
      "outputs_to_install": [
        "out"
      ],
      "outputs": {
        "libv8": "/nix/store/j9kj5x00fh8sac4mfb6dxmfg1dk5af90-nodejs-22.10.0-libv8",
        "out": "/nix/store/hnkyz55vndmvwhg6nzpliv86gh6sxg7h-nodejs-22.10.0"
      },
      "system": "x86_64-linux",
      "group": "toplevel",
      "priority": 5
    },
    {
      "attr_path": "pnpm",
      "broken": false,
      "derivation": "/nix/store/h583z9ds811ygw0hnx949gqf0pcrnx06-pnpm-9.14.4.drv",
      "description": "Fast, disk space efficient package manager for JavaScript",
      "install_id": "pnpm",
      "license": "MIT",
      "locked_url": "https://github.com/flox/nixpkgs?rev=55d15ad12a74eb7d4646254e13638ad0c4128776",
      "name": "pnpm-9.14.4",
      "pname": "pnpm",
      "rev": "55d15ad12a74eb7d4646254e13638ad0c4128776",
      "rev_count": 716003,
      "rev_date": "2024-12-03T07:54:31Z",
      "scrape_date": "2024-12-04T03:55:34Z",
      "stabilities": [
        "unstable"
      ],
      "unfree": false,
      "version": "9.14.4",
      "outputs_to_install": [
        "out"
      ],
      "outputs": {
        "out": "/nix/store/cxp1qjywp1wprjrylq359imf3v4b9dmz-pnpm-9.14.4"
      },
      "system": "aarch64-darwin",
      "group": "toplevel",
      "priority": 5
    },
    {
      "attr_path": "pnpm",
      "broken": false,
      "derivation": "/nix/store/5wnk7n3gmlvwklmg97yxydcm4kn15fr8-pnpm-9.14.4.drv",
      "description": "Fast, disk space efficient package manager for JavaScript",
      "install_id": "pnpm",
      "license": "MIT",
      "locked_url": "https://github.com/flox/nixpkgs?rev=55d15ad12a74eb7d4646254e13638ad0c4128776",
      "name": "pnpm-9.14.4",
      "pname": "pnpm",
      "rev": "55d15ad12a74eb7d4646254e13638ad0c4128776",
      "rev_count": 716003,
      "rev_date": "2024-12-03T07:54:31Z",
      "scrape_date": "2024-12-04T03:55:34Z",
      "stabilities": [
        "unstable"
      ],
      "unfree": false,
      "version": "9.14.4",
      "outputs_to_install": [
        "out"
      ],
      "outputs": {
        "out": "/nix/store/wsr7h8agzflslqcy5jjcqcnvlckdnx2w-pnpm-9.14.4"
      },
      "system": "aarch64-linux",
      "group": "toplevel",
      "priority": 5
    },
    {
      "attr_path": "pnpm",
      "broken": false,
      "derivation": "/nix/store/45hidlh6abqsnp56bdjsdnpyavi944yk-pnpm-9.14.4.drv",
      "description": "Fast, disk space efficient package manager for JavaScript",
      "install_id": "pnpm",
      "license": "MIT",
      "locked_url": "https://github.com/flox/nixpkgs?rev=55d15ad12a74eb7d4646254e13638ad0c4128776",
      "name": "pnpm-9.14.4",
      "pname": "pnpm",
      "rev": "55d15ad12a74eb7d4646254e13638ad0c4128776",
      "rev_count": 716003,
      "rev_date": "2024-12-03T07:54:31Z",
      "scrape_date": "2024-12-04T03:55:34Z",
      "stabilities": [
        "unstable"
      ],
      "unfree": false,
      "version": "9.14.4",
      "outputs_to_install": [
        "out"
      ],
      "outputs": {
        "out": "/nix/store/dgil32il5v5sviqf6lihliavf4vl3kjv-pnpm-9.14.4"
      },
      "system": "x86_64-darwin",
      "group": "toplevel",
      "priority": 5
    },
    {
      "attr_path": "pnpm",
      "broken": false,
      "derivation": "/nix/store/ikw9q9g5gf12n1d095rqjxjp36ck98kn-pnpm-9.14.4.drv",
      "description": "Fast, disk space efficient package manager for JavaScript",
      "install_id": "pnpm",
      "license": "MIT",
      "locked_url": "https://github.com/flox/nixpkgs?rev=55d15ad12a74eb7d4646254e13638ad0c4128776",
      "name": "pnpm-9.14.4",
      "pname": "pnpm",
      "rev": "55d15ad12a74eb7d4646254e13638ad0c4128776",
      "rev_count": 716003,
      "rev_date": "2024-12-03T07:54:31Z",
      "scrape_date": "2024-12-04T03:55:34Z",
      "stabilities": [
        "unstable"
      ],
      "unfree": false,
      "version": "9.14.4",
      "outputs_to_install": [
        "out"
      ],
      "outputs": {
        "out": "/nix/store/rzxqj4y899lcr3c2rx92pf457dk6086w-pnpm-9.14.4"
      },
      "system": "x86_64-linux",
      "group": "toplevel",
      "priority": 5
    }
  ]
}